<?xml version="1.0" encoding="utf-8"?>
<Project ToolsVersion="4.0" xmlns="http://schemas.microsoft.com/developer/msbuild/2003">
  <ItemGroup>
    <Filter Include="Source Files">
      <UniqueIdentifier>{4FC737F1-C7A5-4376-A066-2A32D752A2FF}</UniqueIdentifier>
      <Extensions>cpp;c;cc;cxx;def;odl;idl;hpj;bat;asm;asmx</Extensions>
    </Filter>
    <Filter Include="Resource Files">
      <UniqueIdentifier>{67DA6AB6-F800-4c08-8B7A-83BB121AAD01}</UniqueIdentifier>
      <Extensions>rc;ico;cur;bmp;dlg;rc2;rct;bin;rgs;gif;jpg;jpeg;jpe;resx;tiff;tif;png;wav</Extensions>
    </Filter>
    <Filter Include="Blocks">
      <UniqueIdentifier>{93995380-89BD-4b04-88EB-625FBE52EBFB}</UniqueIdentifier>
      <Extensions>h;hpp;hxx;hm;inl;inc;xsd</Extensions>
    </Filter>
    <Filter Include="Blocks\Cinder-Asio">
      <UniqueIdentifier>{04862b34-f4de-4713-b6a9-05c481111dd5}</UniqueIdentifier>
    </Filter>
  </ItemGroup>
  <ItemGroup>
    <ClCompile Include="..\src\TcpClientApp.cpp">
      <Filter>Source Files</Filter>
    </ClCompile>
    <ClCompile Include="..\..\..\src\ClientInterface.cpp">
      <Filter>Blocks\Cinder-Asio</Filter>
    </ClCompile>
    <ClCompile Include="..\..\..\src\DispatcherInterface.cpp">
      <Filter>Blocks\Cinder-Asio</Filter>
    </ClCompile>
    <ClCompile Include="..\..\..\src\ServerInterface.cpp">
      <Filter>Blocks\Cinder-Asio</Filter>
    </ClCompile>
    <ClCompile Include="..\..\..\src\SessionInterface.cpp">
      <Filter>Blocks\Cinder-Asio</Filter>
    </ClCompile>
    <ClCompile Include="..\..\..\src\TcpClient.cpp">
      <Filter>Blocks\Cinder-Asio</Filter>
    </ClCompile>
    <ClCompile Include="..\..\..\src\TcpServer.cpp">
      <Filter>Blocks\Cinder-Asio</Filter>
    </ClCompile>
    <ClCompile Include="..\..\..\src\TcpSession.cpp">
      <Filter>Blocks\Cinder-Asio</Filter>
    </ClCompile>
    <ClCompile Include="..\..\..\src\UdpClient.cpp">
      <Filter>Blocks\Cinder-Asio</Filter>
    </ClCompile>
    <ClCompile Include="..\..\..\src\UdpServer.cpp">
      <Filter>Blocks\Cinder-Asio</Filter>
    </ClCompile>
    <ClCompile Include="..\..\..\src\UdpSession.cpp">
      <Filter>Blocks\Cinder-Asio</Filter>
    </ClCompile>
    <ClCompile Include="..\..\..\src\WaitTimer.cpp">
      <Filter>Blocks\Cinder-Asio</Filter>
    </ClCompile>
  </ItemGroup>
  <ItemGroup>
    <Image Include="..\resources\cinder_app_icon.ico">
      <Filter>Resource Files</Filter>
    </Image>
  </ItemGroup>
  <ItemGroup>
    <ResourceCompile Include="Resources.rc">
      <Filter>Resource Files</Filter>
    </ResourceCompile>
  </ItemGroup>
  <ItemGroup>
    <ClInclude Include="..\..\..\src\ClientEventHandlerInterface.h">
      <Filter>Blocks\Cinder-Asio</Filter>
    </ClInclude>
    <ClInclude Include="..\..\..\src\ClientInterface.h">
      <Filter>Blocks\Cinder-Asio</Filter>
    </ClInclude>
    <ClInclude Include="..\..\..\src\DispatcherEventHandlerInterface.h">
      <Filter>Blocks\Cinder-Asio</Filter>
    </ClInclude>
    <ClInclude Include="..\..\..\src\DispatcherInterface.h">
      <Filter>Blocks\Cinder-Asio</Filter>
    </ClInclude>
    <ClInclude Include="..\..\..\src\ServerEventHandlerInterface.h">
      <Filter>Blocks\Cinder-Asio</Filter>
    </ClInclude>
    <ClInclude Include="..\..\..\src\ServerInterface.h">
      <Filter>Blocks\Cinder-Asio</Filter>
    </ClInclude>
    <ClInclude Include="..\..\..\src\SessionEventHandlerInterface.h">
      <Filter>Blocks\Cinder-Asio</Filter>
    </ClInclude>
    <ClInclude Include="..\..\..\src\SessionInterface.h">
      <Filter>Blocks\Cinder-Asio</Filter>
    </ClInclude>
    <ClInclude Include="..\..\..\src\TcpClient.h">
      <Filter>Blocks\Cinder-Asio</Filter>
    </ClInclude>
    <ClInclude Include="..\..\..\src\TcpClientEventHandlerInterface.h">
      <Filter>Blocks\Cinder-Asio</Filter>
    </ClInclude>
    <ClInclude Include="..\..\..\src\TcpServer.h">
      <Filter>Blocks\Cinder-Asio</Filter>
    </ClInclude>
    <ClInclude Include="..\..\..\src\TcpServerEventHandlerInterface.h">
      <Filter>Blocks\Cinder-Asio</Filter>
    </ClInclude>
    <ClInclude Include="..\..\..\src\TcpSession.h">
      <Filter>Blocks\Cinder-Asio</Filter>
    </ClInclude>
    <ClInclude Include="..\..\..\src\TcpSessionEventHandlerInterface.h">
      <Filter>Blocks\Cinder-Asio</Filter>
    </ClInclude>
    <ClInclude Include="..\..\..\src\UdpClient.h">
      <Filter>Blocks\Cinder-Asio</Filter>
    </ClInclude>
    <ClInclude Include="..\..\..\src\UdpClientEventHandlerInterface.h">
      <Filter>Blocks\Cinder-Asio</Filter>
    </ClInclude>
    <ClInclude Include="..\..\..\src\UdpServer.h">
      <Filter>Blocks\Cinder-Asio</Filter>
    </ClInclude>
    <ClInclude Include="..\..\..\src\UdpServerEventHandlerInterface.h">
      <Filter>Blocks\Cinder-Asio</Filter>
    </ClInclude>
    <ClInclude Include="..\..\..\src\UdpSession.h">
      <Filter>Blocks\Cinder-Asio</Filter>
    </ClInclude>
    <ClInclude Include="..\..\..\src\UdpSessionEventHandlerInterface.h">
      <Filter>Blocks\Cinder-Asio</Filter>
    </ClInclude>
    <ClInclude Include="..\..\..\src\WaitTimer.h">
      <Filter>Blocks\Cinder-Asio</Filter>
    </ClInclude>
    <ClInclude Include="..\..\..\src\WaitTimerEventHandlerInterface.h">
      <Filter>Blocks\Cinder-Asio</Filter>
    </ClInclude>
    <ClInclude Include="..\..\..\src\CinderAsio.h">
      <Filter>Blocks\Cinder-Asio</Filter>
    </ClInclude>
  </ItemGroup>
</Project>