// !$*UTF8*$!
{
	archiveVersion = 1;
	classes = {
	};
	objectVersion = 46;
	objects = {

/* Begin PBXBuildFile section */
		0091D8F90E81B9330029341E /* OpenGL.framework in Frameworks */ = {isa = PBXBuildFile; fileRef = 0091D8F80E81B9330029341E /* OpenGL.framework */; };
		00B784B30FF439BC000DE1D7 /* Accelerate.framework in Frameworks */ = {isa = PBXBuildFile; fileRef = 00B784AF0FF439BC000DE1D7 /* Accelerate.framework */; };
		00B784B40FF439BC000DE1D7 /* AudioToolbox.framework in Frameworks */ = {isa = PBXBuildFile; fileRef = 00B784B00FF439BC000DE1D7 /* AudioToolbox.framework */; };
		00B784B50FF439BC000DE1D7 /* AudioUnit.framework in Frameworks */ = {isa = PBXBuildFile; fileRef = 00B784B10FF439BC000DE1D7 /* AudioUnit.framework */; };
		00B784B60FF439BC000DE1D7 /* CoreAudio.framework in Frameworks */ = {isa = PBXBuildFile; fileRef = 00B784B20FF439BC000DE1D7 /* CoreAudio.framework */; };
		343EF4E06FF341EF9A78DA51 /* TcpClientApp.cpp in Sources */ = {isa = PBXBuildFile; fileRef = E3D5E373F4DE4E91A2494A2F /* TcpClientApp.cpp */; };
		5323E6B20EAFCA74003A9687 /* CoreVideo.framework in Frameworks */ = {isa = PBXBuildFile; fileRef = 5323E6B10EAFCA74003A9687 /* CoreVideo.framework */; };
		5323E6B60EAFCA7E003A9687 /* QTKit.framework in Frameworks */ = {isa = PBXBuildFile; fileRef = 5323E6B50EAFCA7E003A9687 /* QTKit.framework */; };
		8D11072F0486CEB800E47090 /* Cocoa.framework in Frameworks */ = {isa = PBXBuildFile; fileRef = 1058C7A1FEA54F0111CA2CBB /* Cocoa.framework */; };
		94EE751DCA5C4F7A8CD38C63 /* CinderApp.icns in Resources */ = {isa = PBXBuildFile; fileRef = B14A5DB1785B4DB99B78CED8 /* CinderApp.icns */; };
		AEF9EBDF1756CDD4003E1FEB /* ClientInterface.cpp in Sources */ = {isa = PBXBuildFile; fileRef = AEF9EBCB1756CDD4003E1FEB /* ClientInterface.cpp */; };
		AEF9EBE01756CDD4003E1FEB /* DispatcherInterface.cpp in Sources */ = {isa = PBXBuildFile; fileRef = AEF9EBCD1756CDD4003E1FEB /* DispatcherInterface.cpp */; };
		AEF9EBE11756CDD4003E1FEB /* ServerInterface.cpp in Sources */ = {isa = PBXBuildFile; fileRef = AEF9EBCF1756CDD4003E1FEB /* ServerInterface.cpp */; };
		AEF9EBE21756CDD4003E1FEB /* SessionInterface.cpp in Sources */ = {isa = PBXBuildFile; fileRef = AEF9EBD11756CDD4003E1FEB /* SessionInterface.cpp */; };
		AEF9EBE31756CDD4003E1FEB /* TcpClient.cpp in Sources */ = {isa = PBXBuildFile; fileRef = AEF9EBD31756CDD4003E1FEB /* TcpClient.cpp */; };
		AEF9EBE41756CDD4003E1FEB /* TcpServer.cpp in Sources */ = {isa = PBXBuildFile; fileRef = AEF9EBD51756CDD4003E1FEB /* TcpServer.cpp */; };
		AEF9EBE51756CDD4003E1FEB /* TcpSession.cpp in Sources */ = {isa = PBXBuildFile; fileRef = AEF9EBD71756CDD4003E1FEB /* TcpSession.cpp */; };
		AEF9EBE61756CDD4003E1FEB /* UdpClient.cpp in Sources */ = {isa = PBXBuildFile; fileRef = AEF9EBD91756CDD4003E1FEB /* UdpClient.cpp */; };
		AEF9EBE71756CDD4003E1FEB /* UdpSession.cpp in Sources */ = {isa = PBXBuildFile; fileRef = AEF9EBDB1756CDD4003E1FEB /* UdpSession.cpp */; };
		AEF9EBE81756CDD4003E1FEB /* WaitTimer.cpp in Sources */ = {isa = PBXBuildFile; fileRef = AEF9EBDD1756CDD4003E1FEB /* WaitTimer.cpp */; };
/* End PBXBuildFile section */

/* Begin PBXFileReference section */
		0091D8F80E81B9330029341E /* OpenGL.framework */ = {isa = PBXFileReference; lastKnownFileType = wrapper.framework; name = OpenGL.framework; path = /System/Library/Frameworks/OpenGL.framework; sourceTree = "<absolute>"; };
		00B784AF0FF439BC000DE1D7 /* Accelerate.framework */ = {isa = PBXFileReference; lastKnownFileType = wrapper.framework; name = Accelerate.framework; path = System/Library/Frameworks/Accelerate.framework; sourceTree = SDKROOT; };
		00B784B00FF439BC000DE1D7 /* AudioToolbox.framework */ = {isa = PBXFileReference; lastKnownFileType = wrapper.framework; name = AudioToolbox.framework; path = System/Library/Frameworks/AudioToolbox.framework; sourceTree = SDKROOT; };
		00B784B10FF439BC000DE1D7 /* AudioUnit.framework */ = {isa = PBXFileReference; lastKnownFileType = wrapper.framework; name = AudioUnit.framework; path = System/Library/Frameworks/AudioUnit.framework; sourceTree = SDKROOT; };
		00B784B20FF439BC000DE1D7 /* CoreAudio.framework */ = {isa = PBXFileReference; lastKnownFileType = wrapper.framework; name = CoreAudio.framework; path = System/Library/Frameworks/CoreAudio.framework; sourceTree = SDKROOT; };
		028BC814581741E59CA6ADA6 /* TcpClient_Prefix.pch */ = {isa = PBXFileReference; lastKnownFileType = sourcecode.c.h; path = TcpClient_Prefix.pch; sourceTree = "<group>"; };
		1058C7A1FEA54F0111CA2CBB /* Cocoa.framework */ = {isa = PBXFileReference; lastKnownFileType = wrapper.framework; name = Cocoa.framework; path = /System/Library/Frameworks/Cocoa.framework; sourceTree = "<absolute>"; };
		10FAAF875A3A4F5BBB9CAEB5 /* Info.plist */ = {isa = PBXFileReference; lastKnownFileType = text.plist.xml; path = Info.plist; sourceTree = "<group>"; };
		1673B02EE96945BB965A1689 /* Resources.h */ = {isa = PBXFileReference; lastKnownFileType = sourcecode.c.h; name = Resources.h; path = ../include/Resources.h; sourceTree = "<group>"; };
		29B97324FDCFA39411CA2CEA /* AppKit.framework */ = {isa = PBXFileReference; lastKnownFileType = wrapper.framework; name = AppKit.framework; path = /System/Library/Frameworks/AppKit.framework; sourceTree = "<absolute>"; };
		29B97325FDCFA39411CA2CEA /* Foundation.framework */ = {isa = PBXFileReference; lastKnownFileType = wrapper.framework; name = Foundation.framework; path = /System/Library/Frameworks/Foundation.framework; sourceTree = "<absolute>"; };
		5323E6B10EAFCA74003A9687 /* CoreVideo.framework */ = {isa = PBXFileReference; lastKnownFileType = wrapper.framework; name = CoreVideo.framework; path = /System/Library/Frameworks/CoreVideo.framework; sourceTree = "<absolute>"; };
		5323E6B50EAFCA7E003A9687 /* QTKit.framework */ = {isa = PBXFileReference; lastKnownFileType = wrapper.framework; name = QTKit.framework; path = /System/Library/Frameworks/QTKit.framework; sourceTree = "<absolute>"; };
		8D1107320486CEB800E47090 /* TcpClient.app */ = {isa = PBXFileReference; explicitFileType = wrapper.application; includeInIndex = 0; path = TcpClient.app; sourceTree = BUILT_PRODUCTS_DIR; };
		AEF9EBCB1756CDD4003E1FEB /* ClientInterface.cpp */ = {isa = PBXFileReference; fileEncoding = 4; lastKnownFileType = sourcecode.cpp.cpp; name = ClientInterface.cpp; path = ../../../src/ClientInterface.cpp; sourceTree = "<group>"; };
		AEF9EBCC1756CDD4003E1FEB /* ClientInterface.h */ = {isa = PBXFileReference; fileEncoding = 4; lastKnownFileType = sourcecode.c.h; name = ClientInterface.h; path = ../../../src/ClientInterface.h; sourceTree = "<group>"; };
		AEF9EBCD1756CDD4003E1FEB /* DispatcherInterface.cpp */ = {isa = PBXFileReference; fileEncoding = 4; lastKnownFileType = sourcecode.cpp.cpp; name = DispatcherInterface.cpp; path = ../../../src/DispatcherInterface.cpp; sourceTree = "<group>"; };
		AEF9EBCE1756CDD4003E1FEB /* DispatcherInterface.h */ = {isa = PBXFileReference; fileEncoding = 4; lastKnownFileType = sourcecode.c.h; name = DispatcherInterface.h; path = ../../../src/DispatcherInterface.h; sourceTree = "<group>"; };
		AEF9EBCF1756CDD4003E1FEB /* ServerInterface.cpp */ = {isa = PBXFileReference; fileEncoding = 4; lastKnownFileType = sourcecode.cpp.cpp; name = ServerInterface.cpp; path = ../../../src/ServerInterface.cpp; sourceTree = "<group>"; };
		AEF9EBD01756CDD4003E1FEB /* ServerInterface.h */ = {isa = PBXFileReference; fileEncoding = 4; lastKnownFileType = sourcecode.c.h; name = ServerInterface.h; path = ../../../src/ServerInterface.h; sourceTree = "<group>"; };
		AEF9EBD11756CDD4003E1FEB /* SessionInterface.cpp */ = {isa = PBXFileReference; fileEncoding = 4; lastKnownFileType = sourcecode.cpp.cpp; name = SessionInterface.cpp; path = ../../../src/SessionInterface.cpp; sourceTree = "<group>"; };
		AEF9EBD21756CDD4003E1FEB /* SessionInterface.h */ = {isa = PBXFileReference; fileEncoding = 4; lastKnownFileType = sourcecode.c.h; name = SessionInterface.h; path = ../../../src/SessionInterface.h; sourceTree = "<group>"; };
		AEF9EBD31756CDD4003E1FEB /* TcpClient.cpp */ = {isa = PBXFileReference; fileEncoding = 4; lastKnownFileType = sourcecode.cpp.cpp; name = TcpClient.cpp; path = ../../../src/TcpClient.cpp; sourceTree = "<group>"; };
		AEF9EBD41756CDD4003E1FEB /* TcpClient.h */ = {isa = PBXFileReference; fileEncoding = 4; lastKnownFileType = sourcecode.c.h; name = TcpClient.h; path = ../../../src/TcpClient.h; sourceTree = "<group>"; };
		AEF9EBD51756CDD4003E1FEB /* TcpServer.cpp */ = {isa = PBXFileReference; fileEncoding = 4; lastKnownFileType = sourcecode.cpp.cpp; name = TcpServer.cpp; path = ../../../src/TcpServer.cpp; sourceTree = "<group>"; };
		AEF9EBD61756CDD4003E1FEB /* TcpServer.h */ = {isa = PBXFileReference; fileEncoding = 4; lastKnownFileType = sourcecode.c.h; name = TcpServer.h; path = ../../../src/TcpServer.h; sourceTree = "<group>"; };
		AEF9EBD71756CDD4003E1FEB /* TcpSession.cpp */ = {isa = PBXFileReference; fileEncoding = 4; lastKnownFileType = sourcecode.cpp.cpp; name = TcpSession.cpp; path = ../../../src/TcpSession.cpp; sourceTree = "<group>"; };
		AEF9EBD81756CDD4003E1FEB /* TcpSession.h */ = {isa = PBXFileReference; fileEncoding = 4; lastKnownFileType = sourcecode.c.h; name = TcpSession.h; path = ../../../src/TcpSession.h; sourceTree = "<group>"; };
		AEF9EBD91756CDD4003E1FEB /* UdpClient.cpp */ = {isa = PBXFileReference; fileEncoding = 4; lastKnownFileType = sourcecode.cpp.cpp; name = UdpClient.cpp; path = ../../../src/UdpClient.cpp; sourceTree = "<group>"; };
		AEF9EBDA1756CDD4003E1FEB /* UdpClient.h */ = {isa = PBXFileReference; fileEncoding = 4; lastKnownFileType = sourcecode.c.h; name = UdpClient.h; path = ../../../src/UdpClient.h; sourceTree = "<group>"; };
		AEF9EBDB1756CDD4003E1FEB /* UdpSession.cpp */ = {isa = PBXFileReference; fileEncoding = 4; lastKnownFileType = sourcecode.cpp.cpp; name = UdpSession.cpp; path = ../../../src/UdpSession.cpp; sourceTree = "<group>"; };
		AEF9EBDC1756CDD4003E1FEB /* UdpSession.h */ = {isa = PBXFileReference; fileEncoding = 4; lastKnownFileType = sourcecode.c.h; name = UdpSession.h; path = ../../../src/UdpSession.h; sourceTree = "<group>"; };
		AEF9EBDD1756CDD4003E1FEB /* WaitTimer.cpp */ = {isa = PBXFileReference; fileEncoding = 4; lastKnownFileType = sourcecode.cpp.cpp; name = WaitTimer.cpp; path = ../../../src/WaitTimer.cpp; sourceTree = "<group>"; };
		AEF9EBDE1756CDD4003E1FEB /* WaitTimer.h */ = {isa = PBXFileReference; fileEncoding = 4; lastKnownFileType = sourcecode.c.h; name = WaitTimer.h; path = ../../../src/WaitTimer.h; sourceTree = "<group>"; };
		B14A5DB1785B4DB99B78CED8 /* CinderApp.icns */ = {isa = PBXFileReference; lastKnownFileType = image.icns; name = CinderApp.icns; path = ../resources/CinderApp.icns; sourceTree = "<group>"; };
		E3D5E373F4DE4E91A2494A2F /* TcpClientApp.cpp */ = {isa = PBXFileReference; lastKnownFileType = sourcecode.cpp.cpp; name = TcpClientApp.cpp; path = ../src/TcpClientApp.cpp; sourceTree = "<group>"; };
/* End PBXFileReference section */

/* Begin PBXFrameworksBuildPhase section */
		8D11072E0486CEB800E47090 /* Frameworks */ = {
			isa = PBXFrameworksBuildPhase;
			buildActionMask = 2147483647;
			files = (
				8D11072F0486CEB800E47090 /* Cocoa.framework in Frameworks */,
				0091D8F90E81B9330029341E /* OpenGL.framework in Frameworks */,
				5323E6B20EAFCA74003A9687 /* CoreVideo.framework in Frameworks */,
				5323E6B60EAFCA7E003A9687 /* QTKit.framework in Frameworks */,
				00B784B30FF439BC000DE1D7 /* Accelerate.framework in Frameworks */,
				00B784B40FF439BC000DE1D7 /* AudioToolbox.framework in Frameworks */,
				00B784B50FF439BC000DE1D7 /* AudioUnit.framework in Frameworks */,
				00B784B60FF439BC000DE1D7 /* CoreAudio.framework in Frameworks */,
			);
			runOnlyForDeploymentPostprocessing = 0;
		};
/* End PBXFrameworksBuildPhase section */

/* Begin PBXGroup section */
		01B97315FEAEA392516A2CEA /* Blocks */ = {
			isa = PBXGroup;
			children = (
				AE9B2C861729C878003A950B /* Cinder-Asio */,
			);
			name = Blocks;
			sourceTree = "<group>";
		};
		080E96DDFE201D6D7F000001 /* Source */ = {
			isa = PBXGroup;
			children = (
				E3D5E373F4DE4E91A2494A2F /* TcpClientApp.cpp */,
			);
			name = Source;
			sourceTree = "<group>";
		};
		1058C7A0FEA54F0111CA2CBB /* Linked Frameworks */ = {
			isa = PBXGroup;
			children = (
				00B784AF0FF439BC000DE1D7 /* Accelerate.framework */,
				00B784B00FF439BC000DE1D7 /* AudioToolbox.framework */,
				00B784B10FF439BC000DE1D7 /* AudioUnit.framework */,
				00B784B20FF439BC000DE1D7 /* CoreAudio.framework */,
				5323E6B50EAFCA7E003A9687 /* QTKit.framework */,
				5323E6B10EAFCA74003A9687 /* CoreVideo.framework */,
				0091D8F80E81B9330029341E /* OpenGL.framework */,
				1058C7A1FEA54F0111CA2CBB /* Cocoa.framework */,
			);
			name = "Linked Frameworks";
			sourceTree = "<group>";
		};
		1058C7A2FEA54F0111CA2CBB /* Other Frameworks */ = {
			isa = PBXGroup;
			children = (
				29B97324FDCFA39411CA2CEA /* AppKit.framework */,
				29B97325FDCFA39411CA2CEA /* Foundation.framework */,
			);
			name = "Other Frameworks";
			sourceTree = "<group>";
		};
		19C28FACFE9D520D11CA2CBB /* Products */ = {
			isa = PBXGroup;
			children = (
				8D1107320486CEB800E47090 /* TcpClient.app */,
			);
			name = Products;
			sourceTree = "<group>";
		};
		29B97314FDCFA39411CA2CEA /* Client */ = {
			isa = PBXGroup;
			children = (
				01B97315FEAEA392516A2CEA /* Blocks */,
				29B97315FDCFA39411CA2CEA /* Headers */,
				080E96DDFE201D6D7F000001 /* Source */,
				29B97317FDCFA39411CA2CEA /* Resources */,
				29B97323FDCFA39411CA2CEA /* Frameworks */,
				19C28FACFE9D520D11CA2CBB /* Products */,
			);
			name = Client;
			sourceTree = "<group>";
		};
		29B97315FDCFA39411CA2CEA /* Headers */ = {
			isa = PBXGroup;
			children = (
				1673B02EE96945BB965A1689 /* Resources.h */,
				028BC814581741E59CA6ADA6 /* TcpClient_Prefix.pch */,
			);
			name = Headers;
			sourceTree = "<group>";
		};
		29B97317FDCFA39411CA2CEA /* Resources */ = {
			isa = PBXGroup;
			children = (
				B14A5DB1785B4DB99B78CED8 /* CinderApp.icns */,
				10FAAF875A3A4F5BBB9CAEB5 /* Info.plist */,
			);
			name = Resources;
			sourceTree = "<group>";
		};
		29B97323FDCFA39411CA2CEA /* Frameworks */ = {
			isa = PBXGroup;
			children = (
				1058C7A0FEA54F0111CA2CBB /* Linked Frameworks */,
				1058C7A2FEA54F0111CA2CBB /* Other Frameworks */,
			);
			name = Frameworks;
			sourceTree = "<group>";
		};
		AE9B2C861729C878003A950B /* Cinder-Asio */ = {
			isa = PBXGroup;
			children = (
				AEF9EBCB1756CDD4003E1FEB /* ClientInterface.cpp */,
				AEF9EBCC1756CDD4003E1FEB /* ClientInterface.h */,
				AEF9EBCD1756CDD4003E1FEB /* DispatcherInterface.cpp */,
				AEF9EBCE1756CDD4003E1FEB /* DispatcherInterface.h */,
				AEF9EBCF1756CDD4003E1FEB /* ServerInterface.cpp */,
				AEF9EBD01756CDD4003E1FEB /* ServerInterface.h */,
				AEF9EBD11756CDD4003E1FEB /* SessionInterface.cpp */,
				AEF9EBD21756CDD4003E1FEB /* SessionInterface.h */,
				AEF9EBD31756CDD4003E1FEB /* TcpClient.cpp */,
				AEF9EBD41756CDD4003E1FEB /* TcpClient.h */,
				AEF9EBD51756CDD4003E1FEB /* TcpServer.cpp */,
				AEF9EBD61756CDD4003E1FEB /* TcpServer.h */,
				AEF9EBD71756CDD4003E1FEB /* TcpSession.cpp */,
				AEF9EBD81756CDD4003E1FEB /* TcpSession.h */,
				AEF9EBD91756CDD4003E1FEB /* UdpClient.cpp */,
				AEF9EBDA1756CDD4003E1FEB /* UdpClient.h */,
				AEF9EBDB1756CDD4003E1FEB /* UdpSession.cpp */,
				AEF9EBDC1756CDD4003E1FEB /* UdpSession.h */,
				AEF9EBDD1756CDD4003E1FEB /* WaitTimer.cpp */,
				AEF9EBDE1756CDD4003E1FEB /* WaitTimer.h */,
			);
			name = "Cinder-Asio";
			sourceTree = "<group>";
		};
/* End PBXGroup section */

/* Begin PBXNativeTarget section */
		8D1107260486CEB800E47090 /* TcpClient */ = {
			isa = PBXNativeTarget;
			buildConfigurationList = C01FCF4A08A954540054247B /* Build configuration list for PBXNativeTarget "TcpClient" */;
			buildPhases = (
				8D1107290486CEB800E47090 /* Resources */,
				8D11072C0486CEB800E47090 /* Sources */,
				8D11072E0486CEB800E47090 /* Frameworks */,
			);
			buildRules = (
			);
			dependencies = (
			);
			name = TcpClient;
			productInstallPath = "$(HOME)/Applications";
			productName = Client;
			productReference = 8D1107320486CEB800E47090 /* TcpClient.app */;
			productType = "com.apple.product-type.application";
		};
/* End PBXNativeTarget section */

/* Begin PBXProject section */
		29B97313FDCFA39411CA2CEA /* Project object */ = {
			isa = PBXProject;
			buildConfigurationList = C01FCF4E08A954540054247B /* Build configuration list for PBXProject "TcpClient" */;
			compatibilityVersion = "Xcode 3.2";
			developmentRegion = English;
			hasScannedForEncodings = 1;
			knownRegions = (
				English,
				Japanese,
				French,
				German,
			);
			mainGroup = 29B97314FDCFA39411CA2CEA /* Client */;
			projectDirPath = "";
			projectRoot = "";
			targets = (
				8D1107260486CEB800E47090 /* TcpClient */,
			);
		};
/* End PBXProject section */

/* Begin PBXResourcesBuildPhase section */
		8D1107290486CEB800E47090 /* Resources */ = {
			isa = PBXResourcesBuildPhase;
			buildActionMask = 2147483647;
			files = (
				94EE751DCA5C4F7A8CD38C63 /* CinderApp.icns in Resources */,
			);
			runOnlyForDeploymentPostprocessing = 0;
		};
/* End PBXResourcesBuildPhase section */

/* Begin PBXSourcesBuildPhase section */
		8D11072C0486CEB800E47090 /* Sources */ = {
			isa = PBXSourcesBuildPhase;
			buildActionMask = 2147483647;
			files = (
				343EF4E06FF341EF9A78DA51 /* TcpClientApp.cpp in Sources */,
				AEF9EBDF1756CDD4003E1FEB /* ClientInterface.cpp in Sources */,
				AEF9EBE01756CDD4003E1FEB /* DispatcherInterface.cpp in Sources */,
				AEF9EBE11756CDD4003E1FEB /* ServerInterface.cpp in Sources */,
				AEF9EBE21756CDD4003E1FEB /* SessionInterface.cpp in Sources */,
				AEF9EBE31756CDD4003E1FEB /* TcpClient.cpp in Sources */,
				AEF9EBE41756CDD4003E1FEB /* TcpServer.cpp in Sources */,
				AEF9EBE51756CDD4003E1FEB /* TcpSession.cpp in Sources */,
				AEF9EBE61756CDD4003E1FEB /* UdpClient.cpp in Sources */,
				AEF9EBE71756CDD4003E1FEB /* UdpSession.cpp in Sources */,
				AEF9EBE81756CDD4003E1FEB /* WaitTimer.cpp in Sources */,
			);
			runOnlyForDeploymentPostprocessing = 0;
		};
/* End PBXSourcesBuildPhase section */

/* Begin XCBuildConfiguration section */
		C01FCF4B08A954540054247B /* Debug */ = {
			isa = XCBuildConfiguration;
			buildSettings = {
				CINDER_PATH = ../../../../..;
				COMBINE_HIDPI_IMAGES = YES;
				COPY_PHASE_STRIP = NO;
				DEAD_CODE_STRIPPING = YES;
				GCC_DYNAMIC_NO_PIC = NO;
				GCC_INLINES_ARE_PRIVATE_EXTERN = YES;
				GCC_OPTIMIZATION_LEVEL = 0;
				GCC_PRECOMPILE_PREFIX_HEADER = YES;
				GCC_PREFIX_HEADER = TcpClient_Prefix.pch;
				GCC_PREPROCESSOR_DEFINITIONS = (
					"DEBUG=1",
					"$(inherited)",
				);
				GCC_SYMBOLS_PRIVATE_EXTERN = NO;
				INFOPLIST_FILE = Info.plist;
				INSTALL_PATH = "$(HOME)/Applications";
				OTHER_LDFLAGS = "\"$(CINDER_PATH)/lib/libcinder_d.a\"";
				PRODUCT_NAME = TcpClient;
				SYMROOT = ./build;
				WRAPPER_EXTENSION = app;
			};
			name = Debug;
		};
		C01FCF4C08A954540054247B /* Release */ = {
			isa = XCBuildConfiguration;
			buildSettings = {
				CINDER_PATH = ../../../../..;
				COMBINE_HIDPI_IMAGES = YES;
				DEAD_CODE_STRIPPING = YES;
				DEBUG_INFORMATION_FORMAT = "dwarf-with-dsym";
				GCC_FAST_MATH = YES;
				GCC_GENERATE_DEBUGGING_SYMBOLS = NO;
				GCC_INLINES_ARE_PRIVATE_EXTERN = YES;
				GCC_OPTIMIZATION_LEVEL = 3;
				GCC_PRECOMPILE_PREFIX_HEADER = YES;
				GCC_PREFIX_HEADER = TcpClient_Prefix.pch;
				GCC_SYMBOLS_PRIVATE_EXTERN = NO;
				INFOPLIST_FILE = Info.plist;
				INSTALL_PATH = "$(HOME)/Applications";
				OTHER_LDFLAGS = "\"$(CINDER_PATH)/lib/libcinder.a\"";
				PRODUCT_NAME = TcpClient;
				STRIP_INSTALLED_PRODUCT = YES;
				SYMROOT = ./build;
				WRAPPER_EXTENSION = app;
			};
			name = Release;
		};
		C01FCF4F08A954540054247B /* Debug */ = {
			isa = XCBuildConfiguration;
			buildSettings = {
				ALWAYS_SEARCH_USER_PATHS = NO;
				ARCHS = "$(ARCHS_STANDARD_32_64_BIT)";
				CINDER_PATH = ../../../../cinder/cinder_0.8.5_mac;
				CLANG_CXX_LANGUAGE_STANDARD = "c++0x";
				CLANG_CXX_LIBRARY = "libc++";
				GCC_WARN_ABOUT_RETURN_TYPE = YES;
				GCC_WARN_UNUSED_VARIABLE = YES;
				HEADER_SEARCH_PATHS = "\"$(CINDER_PATH)/boost\"";
				MACOSX_DEPLOYMENT_TARGET = 10.7;
				SDKROOT = macosx;
				USER_HEADER_SEARCH_PATHS = "\"$(CINDER_PATH)/include\" ../include ../../../src";
			};
			name = Debug;
		};
		C01FCF5008A954540054247B /* Release */ = {
			isa = XCBuildConfiguration;
			buildSettings = {
				ALWAYS_SEARCH_USER_PATHS = NO;
				ARCHS = "$(ARCHS_STANDARD_32_64_BIT)";
				CINDER_PATH = ../../../../cinder/cinder_0.8.5_mac;
				CLANG_CXX_LANGUAGE_STANDARD = "c++0x";
				CLANG_CXX_LIBRARY = "libc++";
				GCC_WARN_ABOUT_RETURN_TYPE = YES;
				GCC_WARN_UNUSED_VARIABLE = YES;
				HEADER_SEARCH_PATHS = "\"$(CINDER_PATH)/boost\"";
				MACOSX_DEPLOYMENT_TARGET = 10.7;
				SDKROOT = macosx;
				USER_HEADER_SEARCH_PATHS = "\"$(CINDER_PATH)/include\" ../include ../../../src";
			};
			name = Release;
		};
/* End XCBuildConfiguration section */

/* Begin XCConfigurationList section */
		C01FCF4A08A954540054247B /* Build configuration list for PBXNativeTarget "TcpClient" */ = {
			isa = XCConfigurationList;
			buildConfigurations = (
				C01FCF4B08A954540054247B /* Debug */,
				C01FCF4C08A954540054247B /* Release */,
			);
			defaultConfigurationIsVisible = 0;
			defaultConfigurationName = Release;
		};
		C01FCF4E08A954540054247B /* Build configuration list for PBXProject "TcpClient" */ = {
			isa = XCConfigurationList;
			buildConfigurations = (
				C01FCF4F08A954540054247B /* Debug */,
				C01FCF5008A954540054247B /* Release */,
			);
			defaultConfigurationIsVisible = 0;
			defaultConfigurationName = Release;
		};
/* End XCConfigurationList section */
	};
	rootObject = 29B97313FDCFA39411CA2CEA /* Project object */;
}
